{
  "name": "crabs-video-platform",
  "version": "0.1.0",
  "lockfileVersion": 3,
  "requires": true,
  "packages": {
    "": {
      "name": "crabs-video-platform",
      "version": "0.1.0",
      "license": "MIT",
      "dependencies": {
        "crabs-node": "file:../../bindings/node"
      }
    },
    "../../bindings/node": {
      "name": "crabs-node",
      "version": "0.1.0",
      "hasInstallScript": true,
      "license": "MIT",
      "dependencies": {
        "node-addon-api": "^7.1.0"
      },
      "devDependencies": {
        "cmake-js": "^7.3.0"
      }
    },
    "node_modules/crabs-node": {
      "resolved": "../../bindings/node",
      "link": true
    }
  }
}
